// !$*UTF8*$!
{
	archiveVersion = 1;
	classes = {
	};
	objectVersion = 46;
	objects = {

/* Begin PBXBuildFile section */
		BE17A7F31ACDD714002EB333 /* BracketSetupViewController.m in Sources */ = {isa = PBXBuildFile; fileRef = BE17A7F21ACDD714002EB333 /* BracketSetupViewController.m */; };
		BE17A7F61AD46921002EB333 /* PlayerInputsViewController.m in Sources */ = {isa = PBXBuildFile; fileRef = BE17A7F51AD46921002EB333 /* PlayerInputsViewController.m */; };
		BE6A778F1ACB757600495B13 /* main.m in Sources */ = {isa = PBXBuildFile; fileRef = BE6A778E1ACB757600495B13 /* main.m */; };
		BE6A77921ACB757600495B13 /* AppDelegate.m in Sources */ = {isa = PBXBuildFile; fileRef = BE6A77911ACB757600495B13 /* AppDelegate.m */; };
		BE6A77981ACB757600495B13 /* Main.storyboard in Resources */ = {isa = PBXBuildFile; fileRef = BE6A77961ACB757600495B13 /* Main.storyboard */; };
		BE6A779A1ACB757600495B13 /* Images.xcassets in Resources */ = {isa = PBXBuildFile; fileRef = BE6A77991ACB757600495B13 /* Images.xcassets */; };
		BE6A779D1ACB757600495B13 /* LaunchScreen.xib in Resources */ = {isa = PBXBuildFile; fileRef = BE6A779B1ACB757600495B13 /* LaunchScreen.xib */; };
		BE6A77A91ACB757600495B13 /* BrackItTests.m in Sources */ = {isa = PBXBuildFile; fileRef = BE6A77A81ACB757600495B13 /* BrackItTests.m */; };
		BEC3F9A51ACB7AC500F2E23C /* WelcomePageViewController.m in Sources */ = {isa = PBXBuildFile; fileRef = BE6A77941ACB757600495B13 /* WelcomePageViewController.m */; };
/* End PBXBuildFile section */

/* Begin PBXContainerItemProxy section */
		BE6A77A31ACB757600495B13 /* PBXContainerItemProxy */ = {
			isa = PBXContainerItemProxy;
			containerPortal = BE6A77811ACB757500495B13 /* Project object */;
			proxyType = 1;
			remoteGlobalIDString = BE6A77881ACB757600495B13;
			remoteInfo = BrackIt;
		};
/* End PBXContainerItemProxy section */

/* Begin PBXFileReference section */
		BE17A7F11ACDD714002EB333 /* BracketSetupViewController.h */ = {isa = PBXFileReference; fileEncoding = 4; lastKnownFileType = sourcecode.c.h; path = BracketSetupViewController.h; sourceTree = "<group>"; };
		BE17A7F21ACDD714002EB333 /* BracketSetupViewController.m */ = {isa = PBXFileReference; fileEncoding = 4; lastKnownFileType = sourcecode.c.objc; path = BracketSetupViewController.m; sourceTree = "<group>"; };
		BE17A7F41AD46921002EB333 /* PlayerInputsViewController.h */ = {isa = PBXFileReference; fileEncoding = 4; lastKnownFileType = sourcecode.c.h; path = PlayerInputsViewController.h; sourceTree = "<group>"; };
		BE17A7F51AD46921002EB333 /* PlayerInputsViewController.m */ = {isa = PBXFileReference; fileEncoding = 4; lastKnownFileType = sourcecode.c.objc; path = PlayerInputsViewController.m; sourceTree = "<group>"; };
		BE6A77891ACB757600495B13 /* BrackIt.app */ = {isa = PBXFileReference; explicitFileType = wrapper.application; includeInIndex = 0; path = BrackIt.app; sourceTree = BUILT_PRODUCTS_DIR; };
		BE6A778D1ACB757600495B13 /* Info.plist */ = {isa = PBXFileReference; lastKnownFileType = text.plist.xml; path = Info.plist; sourceTree = "<group>"; };
		BE6A778E1ACB757600495B13 /* main.m */ = {isa = PBXFileReference; lastKnownFileType = sourcecode.c.objc; path = main.m; sourceTree = "<group>"; };
		BE6A77901ACB757600495B13 /* AppDelegate.h */ = {isa = PBXFileReference; lastKnownFileType = sourcecode.c.h; path = AppDelegate.h; sourceTree = "<group>"; };
		BE6A77911ACB757600495B13 /* AppDelegate.m */ = {isa = PBXFileReference; lastKnownFileType = sourcecode.c.objc; path = AppDelegate.m; sourceTree = "<group>"; };
		BE6A77931ACB757600495B13 /* WelcomePageViewController.h */ = {isa = PBXFileReference; lastKnownFileType = sourcecode.c.h; path = WelcomePageViewController.h; sourceTree = "<group>"; };
		BE6A77941ACB757600495B13 /* WelcomePageViewController.m */ = {isa = PBXFileReference; lastKnownFileType = sourcecode.c.objc; path = WelcomePageViewController.m; sourceTree = "<group>"; };
		BE6A77971ACB757600495B13 /* Base */ = {isa = PBXFileReference; lastKnownFileType = file.storyboard; name = Base; path = Base.lproj/Main.storyboard; sourceTree = "<group>"; };
		BE6A77991ACB757600495B13 /* Images.xcassets */ = {isa = PBXFileReference; lastKnownFileType = folder.assetcatalog; path = Images.xcassets; sourceTree = "<group>"; };
		BE6A779C1ACB757600495B13 /* Base */ = {isa = PBXFileReference; lastKnownFileType = file.xib; name = Base; path = Base.lproj/LaunchScreen.xib; sourceTree = "<group>"; };
		BE6A77A21ACB757600495B13 /* BrackItTests.xctest */ = {isa = PBXFileReference; explicitFileType = wrapper.cfbundle; includeInIndex = 0; path = BrackItTests.xctest; sourceTree = BUILT_PRODUCTS_DIR; };
		BE6A77A71ACB757600495B13 /* Info.plist */ = {isa = PBXFileReference; lastKnownFileType = text.plist.xml; path = Info.plist; sourceTree = "<group>"; };
		BE6A77A81ACB757600495B13 /* BrackItTests.m */ = {isa = PBXFileReference; lastKnownFileType = sourcecode.c.objc; path = BrackItTests.m; sourceTree = "<group>"; };
/* End PBXFileReference section */

/* Begin PBXFrameworksBuildPhase section */
		BE6A77861ACB757600495B13 /* Frameworks */ = {
			isa = PBXFrameworksBuildPhase;
			buildActionMask = 2147483647;
			files = (
			);
			runOnlyForDeploymentPostprocessing = 0;
		};
		BE6A779F1ACB757600495B13 /* Frameworks */ = {
			isa = PBXFrameworksBuildPhase;
			buildActionMask = 2147483647;
			files = (
			);
			runOnlyForDeploymentPostprocessing = 0;
		};
/* End PBXFrameworksBuildPhase section */

/* Begin PBXGroup section */
		BE6A77801ACB757500495B13 = {
			isa = PBXGroup;
			children = (
				BE6A778B1ACB757600495B13 /* BrackIt */,
				BE6A77A51ACB757600495B13 /* BrackItTests */,
				BE6A778A1ACB757600495B13 /* Products */,
			);
			sourceTree = "<group>";
		};
		BE6A778A1ACB757600495B13 /* Products */ = {
			isa = PBXGroup;
			children = (
				BE6A77891ACB757600495B13 /* BrackIt.app */,
				BE6A77A21ACB757600495B13 /* BrackItTests.xctest */,
			);
			name = Products;
			sourceTree = "<group>";
		};
		BE6A778B1ACB757600495B13 /* BrackIt */ = {
			isa = PBXGroup;
			children = (
				BE6A77901ACB757600495B13 /* AppDelegate.h */,
				BE6A77911ACB757600495B13 /* AppDelegate.m */,
				BE6A77931ACB757600495B13 /* WelcomePageViewController.h */,
				BE6A77941ACB757600495B13 /* WelcomePageViewController.m */,
				BE6A77961ACB757600495B13 /* Main.storyboard */,
				BE17A7F11ACDD714002EB333 /* BracketSetupViewController.h */,
				BE17A7F21ACDD714002EB333 /* BracketSetupViewController.m */,
				BE6A77991ACB757600495B13 /* Images.xcassets */,
				BE6A779B1ACB757600495B13 /* LaunchScreen.xib */,
				BE6A778C1ACB757600495B13 /* Supporting Files */,
				BE17A7F41AD46921002EB333 /* PlayerInputsViewController.h */,
				BE17A7F51AD46921002EB333 /* PlayerInputsViewController.m */,
			);
			path = BrackIt;
			sourceTree = "<group>";
		};
		BE6A778C1ACB757600495B13 /* Supporting Files */ = {
			isa = PBXGroup;
			children = (
				BE6A778D1ACB757600495B13 /* Info.plist */,
				BE6A778E1ACB757600495B13 /* main.m */,
			);
			name = "Supporting Files";
			sourceTree = "<group>";
		};
		BE6A77A51ACB757600495B13 /* BrackItTests */ = {
			isa = PBXGroup;
			children = (
				BE6A77A81ACB757600495B13 /* BrackItTests.m */,
				BE6A77A61ACB757600495B13 /* Supporting Files */,
			);
			path = BrackItTests;
			sourceTree = "<group>";
		};
		BE6A77A61ACB757600495B13 /* Supporting Files */ = {
			isa = PBXGroup;
			children = (
				BE6A77A71ACB757600495B13 /* Info.plist */,
			);
			name = "Supporting Files";
			sourceTree = "<group>";
		};
/* End PBXGroup section */

/* Begin PBXNativeTarget section */
		BE6A77881ACB757600495B13 /* BrackIt */ = {
			isa = PBXNativeTarget;
			buildConfigurationList = BE6A77AC1ACB757600495B13 /* Build configuration list for PBXNativeTarget "BrackIt" */;
			buildPhases = (
				BE6A77851ACB757600495B13 /* Sources */,
				BE6A77861ACB757600495B13 /* Frameworks */,
				BE6A77871ACB757600495B13 /* Resources */,
			);
			buildRules = (
			);
			dependencies = (
			);
			name = BrackIt;
			productName = BrackIt;
			productReference = BE6A77891ACB757600495B13 /* BrackIt.app */;
			productType = "com.apple.product-type.application";
		};
		BE6A77A11ACB757600495B13 /* BrackItTests */ = {
			isa = PBXNativeTarget;
			buildConfigurationList = BE6A77AF1ACB757600495B13 /* Build configuration list for PBXNativeTarget "BrackItTests" */;
			buildPhases = (
				BE6A779E1ACB757600495B13 /* Sources */,
				BE6A779F1ACB757600495B13 /* Frameworks */,
				BE6A77A01ACB757600495B13 /* Resources */,
			);
			buildRules = (
			);
			dependencies = (
				BE6A77A41ACB757600495B13 /* PBXTargetDependency */,
			);
			name = BrackItTests;
			productName = BrackItTests;
			productReference = BE6A77A21ACB757600495B13 /* BrackItTests.xctest */;
			productType = "com.apple.product-type.bundle.unit-test";
		};
/* End PBXNativeTarget section */

/* Begin PBXProject section */
		BE6A77811ACB757500495B13 /* Project object */ = {
			isa = PBXProject;
			attributes = {
				LastUpgradeCheck = 0610;
				ORGANIZATIONNAME = "William Chou";
				TargetAttributes = {
					BE6A77881ACB757600495B13 = {
						CreatedOnToolsVersion = 6.1.1;
					};
					BE6A77A11ACB757600495B13 = {
						CreatedOnToolsVersion = 6.1.1;
						TestTargetID = BE6A77881ACB757600495B13;
					};
				};
			};
			buildConfigurationList = BE6A77841ACB757500495B13 /* Build configuration list for PBXProject "BrackIt" */;
			compatibilityVersion = "Xcode 3.2";
			developmentRegion = English;
			hasScannedForEncodings = 0;
			knownRegions = (
				en,
				Base,
			);
			mainGroup = BE6A77801ACB757500495B13;
			productRefGroup = BE6A778A1ACB757600495B13 /* Products */;
			projectDirPath = "";
			projectRoot = "";
			targets = (
				BE6A77881ACB757600495B13 /* BrackIt */,
				BE6A77A11ACB757600495B13 /* BrackItTests */,
			);
		};
/* End PBXProject section */

/* Begin PBXResourcesBuildPhase section */
		BE6A77871ACB757600495B13 /* Resources */ = {
			isa = PBXResourcesBuildPhase;
			buildActionMask = 2147483647;
			files = (
				BE6A77981ACB757600495B13 /* Main.storyboard in Resources */,
				BE6A779D1ACB757600495B13 /* LaunchScreen.xib in Resources */,
				BE6A779A1ACB757600495B13 /* Images.xcassets in Resources */,
			);
			runOnlyForDeploymentPostprocessing = 0;
		};
		BE6A77A01ACB757600495B13 /* Resources */ = {
			isa = PBXResourcesBuildPhase;
			buildActionMask = 2147483647;
			files = (
			);
			runOnlyForDeploymentPostprocessing = 0;
		};
/* End PBXResourcesBuildPhase section */

/* Begin PBXSourcesBuildPhase section */
		BE6A77851ACB757600495B13 /* Sources */ = {
			isa = PBXSourcesBuildPhase;
			buildActionMask = 2147483647;
			files = (
				BEC3F9A51ACB7AC500F2E23C /* WelcomePageViewController.m in Sources */,
				BE6A77921ACB757600495B13 /* AppDelegate.m in Sources */,
				BE6A778F1ACB757600495B13 /* main.m in Sources */,
				BE17A7F61AD46921002EB333 /* PlayerInputsViewController.m in Sources */,
				BE17A7F31ACDD714002EB333 /* BracketSetupViewController.m in Sources */,
			);
			runOnlyForDeploymentPostprocessing = 0;
		};
		BE6A779E1ACB757600495B13 /* Sources */ = {
			isa = PBXSourcesBuildPhase;
			buildActionMask = 2147483647;
			files = (
				BE6A77A91ACB757600495B13 /* BrackItTests.m in Sources */,
			);
			runOnlyForDeploymentPostprocessing = 0;
		};
/* End PBXSourcesBuildPhase section */

/* Begin PBXTargetDependency section */
		BE6A77A41ACB757600495B13 /* PBXTargetDependency */ = {
			isa = PBXTargetDependency;
			target = BE6A77881ACB757600495B13 /* BrackIt */;
			targetProxy = BE6A77A31ACB757600495B13 /* PBXContainerItemProxy */;
		};
/* End PBXTargetDependency section */

/* Begin PBXVariantGroup section */
		BE6A77961ACB757600495B13 /* Main.storyboard */ = {
			isa = PBXVariantGroup;
			children = (
				BE6A77971ACB757600495B13 /* Base */,
			);
			name = Main.storyboard;
			sourceTree = "<group>";
		};
		BE6A779B1ACB757600495B13 /* LaunchScreen.xib */ = {
			isa = PBXVariantGroup;
			children = (
				BE6A779C1ACB757600495B13 /* Base */,
			);
			name = LaunchScreen.xib;
			sourceTree = "<group>";
		};
/* End PBXVariantGroup section */

/* Begin XCBuildConfiguration section */
		BE6A77AA1ACB757600495B13 /* Debug */ = {
			isa = XCBuildConfiguration;
			buildSettings = {
				ALWAYS_SEARCH_USER_PATHS = NO;
				CLANG_CXX_LANGUAGE_STANDARD = "gnu++0x";
				CLANG_CXX_LIBRARY = "libc++";
				CLANG_ENABLE_MODULES = YES;
				CLANG_ENABLE_OBJC_ARC = YES;
				CLANG_WARN_BOOL_CONVERSION = YES;
				CLANG_WARN_CONSTANT_CONVERSION = YES;
				CLANG_WARN_DIRECT_OBJC_ISA_USAGE = YES_ERROR;
				CLANG_WARN_EMPTY_BODY = YES;
				CLANG_WARN_ENUM_CONVERSION = YES;
				CLANG_WARN_INT_CONVERSION = YES;
				CLANG_WARN_OBJC_ROOT_CLASS = YES_ERROR;
				CLANG_WARN_UNREACHABLE_CODE = YES;
				CLANG_WARN__DUPLICATE_METHOD_MATCH = YES;
				"CODE_SIGN_IDENTITY[sdk=iphoneos*]" = "iPhone Developer";
				COPY_PHASE_STRIP = NO;
				ENABLE_STRICT_OBJC_MSGSEND = YES;
				GCC_C_LANGUAGE_STANDARD = gnu99;
				GCC_DYNAMIC_NO_PIC = NO;
				GCC_OPTIMIZATION_LEVEL = 0;
				GCC_PREPROCESSOR_DEFINITIONS = (
					"DEBUG=1",
					"$(inherited)",
				);
				GCC_SYMBOLS_PRIVATE_EXTERN = NO;
				GCC_WARN_64_TO_32_BIT_CONVERSION = YES;
				GCC_WARN_ABOUT_RETURN_TYPE = YES_ERROR;
				GCC_WARN_UNDECLARED_SELECTOR = YES;
				GCC_WARN_UNINITIALIZED_AUTOS = YES_AGGRESSIVE;
				GCC_WARN_UNUSED_FUNCTION = YES;
				GCC_WARN_UNUSED_VARIABLE = YES;
				IPHONEOS_DEPLOYMENT_TARGET = 8.1;
				MTL_ENABLE_DEBUG_INFO = YES;
				ONLY_ACTIVE_ARCH = YES;
				SDKROOT = iphoneos;
				TARGETED_DEVICE_FAMILY = "1,2";
			};
			name = Debug;
		};
		BE6A77AB1ACB757600495B13 /* Release */ = {
			isa = XCBuildConfiguration;
			buildSettings = {
				ALWAYS_SEARCH_USER_PATHS = NO;
				CLANG_CXX_LANGUAGE_STANDARD = "gnu++0x";
				CLANG_CXX_LIBRARY = "libc++";
				CLANG_ENABLE_MODULES = YES;
				CLANG_ENABLE_OBJC_ARC = YES;
				CLANG_WARN_BOOL_CONVERSION = YES;
				CLANG_WARN_CONSTANT_CONVERSION = YES;
				CLANG_WARN_DIRECT_OBJC_ISA_USAGE = YES_ERROR;
				CLANG_WARN_EMPTY_BODY = YES;
				CLANG_WARN_ENUM_CONVERSION = YES;
				CLANG_WARN_INT_CONVERSION = YES;
				CLANG_WARN_OBJC_ROOT_CLASS = YES_ERROR;
				CLANG_WARN_UNREACHABLE_CODE = YES;
				CLANG_WARN__DUPLICATE_METHOD_MATCH = YES;
				"CODE_SIGN_IDENTITY[sdk=iphoneos*]" = "iPhone Developer";
				COPY_PHASE_STRIP = YES;
				ENABLE_NS_ASSERTIONS = NO;
				ENABLE_STRICT_OBJC_MSGSEND = YES;
				GCC_C_LANGUAGE_STANDARD = gnu99;
				GCC_WARN_64_TO_32_BIT_CONVERSION = YES;
				GCC_WARN_ABOUT_RETURN_TYPE = YES_ERROR;
				GCC_WARN_UNDECLARED_SELECTOR = YES;
				GCC_WARN_UNINITIALIZED_AUTOS = YES_AGGRESSIVE;
				GCC_WARN_UNUSED_FUNCTION = YES;
				GCC_WARN_UNUSED_VARIABLE = YES;
				IPHONEOS_DEPLOYMENT_TARGET = 8.1;
				MTL_ENABLE_DEBUG_INFO = NO;
				SDKROOT = iphoneos;
				TARGETED_DEVICE_FAMILY = "1,2";
				VALIDATE_PRODUCT = YES;
			};
			name = Release;
		};
		BE6A77AD1ACB757600495B13 /* Debug */ = {
			isa = XCBuildConfiguration;
			buildSettings = {
				ASSETCATALOG_COMPILER_APPICON_NAME = AppIcon;
				INFOPLIST_FILE = BrackIt/Info.plist;
				LD_RUNPATH_SEARCH_PATHS = "$(inherited) @executable_path/Frameworks";
				PRODUCT_NAME = "$(TARGET_NAME)";
			};
			name = Debug;
		};
		BE6A77AE1ACB757600495B13 /* Release */ = {
			isa = XCBuildConfiguration;
			buildSettings = {
				ASSETCATALOG_COMPILER_APPICON_NAME = AppIcon;
				INFOPLIST_FILE = BrackIt/Info.plist;
				LD_RUNPATH_SEARCH_PATHS = "$(inherited) @executable_path/Frameworks";
				PRODUCT_NAME = "$(TARGET_NAME)";
			};
			name = Release;
		};
		BE6A77B01ACB757600495B13 /* Debug */ = {
			isa = XCBuildConfiguration;
			buildSettings = {
				BUNDLE_LOADER = "$(TEST_HOST)";
				FRAMEWORK_SEARCH_PATHS = (
					"$(SDKROOT)/Developer/Library/Frameworks",
					"$(inherited)",
				);
				GCC_PREPROCESSOR_DEFINITIONS = (
					"DEBUG=1",
					"$(inherited)",
				);
				INFOPLIST_FILE = BrackItTests/Info.plist;
				LD_RUNPATH_SEARCH_PATHS = "$(inherited) @executable_path/Frameworks @loader_path/Frameworks";
				PRODUCT_NAME = "$(TARGET_NAME)";
				TEST_HOST = "$(BUILT_PRODUCTS_DIR)/BrackIt.app/BrackIt";
			};
			name = Debug;
		};
		BE6A77B11ACB757600495B13 /* Release */ = {
			isa = XCBuildConfiguration;
			buildSettings = {
				BUNDLE_LOADER = "$(TEST_HOST)";
				FRAMEWORK_SEARCH_PATHS = (
					"$(SDKROOT)/Developer/Library/Frameworks",
					"$(inherited)",
				);
				INFOPLIST_FILE = BrackItTests/Info.plist;
				LD_RUNPATH_SEARCH_PATHS = "$(inherited) @executable_path/Frameworks @loader_path/Frameworks";
				PRODUCT_NAME = "$(TARGET_NAME)";
				TEST_HOST = "$(BUILT_PRODUCTS_DIR)/BrackIt.app/BrackIt";
			};
			name = Release;
		};
/* End XCBuildConfiguration section */

/* Begin XCConfigurationList section */
		BE6A77841ACB757500495B13 /* Build configuration list for PBXProject "BrackIt" */ = {
			isa = XCConfigurationList;
			buildConfigurations = (
				BE6A77AA1ACB757600495B13 /* Debug */,
				BE6A77AB1ACB757600495B13 /* Release */,
			);
			defaultConfigurationIsVisible = 0;
			defaultConfigurationName = Release;
		};
		BE6A77AC1ACB757600495B13 /* Build configuration list for PBXNativeTarget "BrackIt" */ = {
			isa = XCConfigurationList;
			buildConfigurations = (
				BE6A77AD1ACB757600495B13 /* Debug */,
				BE6A77AE1ACB757600495B13 /* Release */,
			);
			defaultConfigurationIsVisible = 0;
			defaultConfigurationName = Release;
		};
		BE6A77AF1ACB757600495B13 /* Build configuration list for PBXNativeTarget "BrackItTests" */ = {
			isa = XCConfigurationList;
			buildConfigurations = (
				BE6A77B01ACB757600495B13 /* Debug */,
				BE6A77B11ACB757600495B13 /* Release */,
			);
			defaultConfigurationIsVisible = 0;
			defaultConfigurationName = Release;
		};
/* End XCConfigurationList section */
	};
	rootObject = BE6A77811ACB757500495B13 /* Project object */;
}
